
Microsoft Visual Studio Solution File, Format Version 12.00
Project("{2150E333-8FDC-42A3-9474-1A3956D46DE8}") = "BeginningCSharp7Programming8thEdition", "BeginningCSharp7Programming8thEdition", "{7AFC8698-D20F-4CE1-9E37-5BFADC6AB229}"
EndProject
Project("{2150E333-8FDC-42A3-9474-1A3956D46DE8}") = "Chapter02", "Chapter02", "{2746F37E-1D78-4114-BC3A-6EB4B598ADB0}"
EndProject
Project("{2150E333-8FDC-42A3-9474-1A3956D46DE8}") = "Chapter03", "Chapter03", "{0E2C9EF7-4768-4C52-810E-B6BB6608CE89}"
EndProject
Project("{FAE04EC0-301F-11D3-BF4B-00C04F79EFBC}") = "ConsoleApplication", "BeginningCSharp7Programming8thEdition\Chapter02\ConsoleApplication\ConsoleApplication.csproj", "{EC59E930-00F5-4EA2-9387-C183DCB7F244}"
EndProject
Project("{FAE04EC0-301F-11D3-BF4B-00C04F79EFBC}") = "WpfApplication", "BeginningCSharp7Programming8thEdition\Chapter02\WpfApplication\WpfApplication.csproj", "{1CEAAC37-07C8-47EA-9045-8DB727C6DB32}"
EndProject
Project("{FAE04EC0-301F-11D3-BF4B-00C04F79EFBC}") = "Ch03Ex01", "BeginningCSharp7Programming8thEdition\Chapter03\Ch03Ex01\Ch03Ex01.csproj", "{F884CAA0-38FC-4B01-8AB2-79049A1F7736}"
EndProject
Project("{FAE04EC0-301F-11D3-BF4B-00C04F79EFBC}") = "Ch03Ex02", "BeginningCSharp7Programming8thEdition\Chapter03\Ch03Ex02\Ch03Ex02.csproj", "{FE29B6B0-C33F-4FDB-B0C7-CF1B503AFBD1}"
EndProject
Project("{2150E333-8FDC-42A3-9474-1A3956D46DE8}") = "Chapter04", "Chapter04", "{BDE72C00-6C65-41BC-A4CC-6FD446A0C541}"
EndProject
Project("{FAE04EC0-301F-11D3-BF4B-00C04F79EFBC}") = "Ch04Ex01", "BeginningCSharp7Programming8thEdition\Chapter04\Ch04Ex01\Ch04Ex01.csproj", "{04B31A7D-5787-41D1-A3DD-4D3EB026138E}"
EndProject
Project("{FAE04EC0-301F-11D3-BF4B-00C04F79EFBC}") = "Ch04Ex02", "BeginningCSharp7Programming8thEdition\Chapter04\Ch04Ex02\Ch04Ex02.csproj", "{C5205DE8-575E-4332-A1B5-BA6A8FC307E0}"
EndProject
Project("{FAE04EC0-301F-11D3-BF4B-00C04F79EFBC}") = "Ch04Ex03", "BeginningCSharp7Programming8thEdition\Chapter04\Ch04Ex03\Ch04Ex03.csproj", "{78CE67FD-D311-4448-B1B8-8F96C7D61EDF}"
EndProject
Project("{FAE04EC0-301F-11D3-BF4B-00C04F79EFBC}") = "Ch04Ex04", "BeginningCSharp7Programming8thEdition\Chapter04\Ch04Ex04\Ch04Ex04.csproj", "{7DB369E0-90FE-4910-AE73-5A0D69CD63D5}"
EndProject
Project("{FAE04EC0-301F-11D3-BF4B-00C04F79EFBC}") = "Ch04Ex05", "BeginningCSharp7Programming8thEdition\Chapter04\Ch04Ex05\Ch04Ex05.csproj", "{C217108C-EA89-43C9-A200-316A7CD39A78}"
EndProject
Project("{2150E333-8FDC-42A3-9474-1A3956D46DE8}") = "Chapter05", "Chapter05", "{1F3A33D7-3D17-40EC-95CB-6C542526EB2E}"
EndProject
Project("{FAE04EC0-301F-11D3-BF4B-00C04F79EFBC}") = "ConsoleApplication05", "BeginningCSharp7Programming8thEdition\Chapter05\ConsoleApplication05\ConsoleApplication05.csproj", "{A35F755E-30BB-4996-B9FB-0F1F5F196409}"
EndProject
Project("{FAE04EC0-301F-11D3-BF4B-00C04F79EFBC}") = "Ch05Ex01", "BeginningCSharp7Programming8thEdition\Chapter05\Ch05Ex01\Ch05Ex01.csproj", "{EC0E78C6-C9B7-4290-B49E-41AE520C42D3}"
EndProject
Project("{FAE04EC0-301F-11D3-BF4B-00C04F79EFBC}") = "Ch05Ex02", "BeginningCSharp7Programming8thEdition\Chapter05\Ch05Ex02\Ch05Ex02.csproj", "{CBC7BB64-013D-4631-8A93-0C5D5989B9E4}"
EndProject
Project("{FAE04EC0-301F-11D3-BF4B-00C04F79EFBC}") = "Ch05Ex03", "BeginningCSharp7Programming8thEdition\Chapter05\Ch05Ex03\Ch05Ex03.csproj", "{B3DF027F-0976-4F92-850E-E078702685A8}"
EndProject
Project("{FAE04EC0-301F-11D3-BF4B-00C04F79EFBC}") = "Ch05Ex04", "BeginningCSharp7Programming8thEdition\Chapter05\Ch05Ex04\Ch05Ex04.csproj", "{EB2974DE-4E51-4B5F-A485-1B2880912127}"
EndProject
Project("{FAE04EC0-301F-11D3-BF4B-00C04F79EFBC}") = "Ch05Ex05", "BeginningCSharp7Programming8thEdition\Chapter05\Ch05Ex05\Ch05Ex05.csproj", "{3E6B9A85-0A16-4CD6-A5DB-66DDFC1A46A0}"
EndProject
Project("{FAE04EC0-301F-11D3-BF4B-00C04F79EFBC}") = "Ch05Ex06", "BeginningCSharp7Programming8thEdition\Chapter05\Ch05Ex06\Ch05Ex06.csproj", "{C67E2D33-EE39-40A6-81C3-29E6FEB6C90C}"
EndProject
Project("{2150E333-8FDC-42A3-9474-1A3956D46DE8}") = "ProfessionalCSharp7AndDotNetCore2_11thEdition", "ProfessionalCSharp7AndDotNetCore2_11thEdition", "{3B31F09F-BE93-41FD-8AE5-F7AA9DA62224}"
EndProject
Project("{2150E333-8FDC-42A3-9474-1A3956D46DE8}") = "Chapter02", "Chapter02", "{85EAA730-4841-4EEE-A28C-4CABBD9FE7A0}"
EndProject
Project("{FAE04EC0-301F-11D3-BF4B-00C04F79EFBC}") = "ConsoleApplication02", "ProfessionalCSharp7AndDotNetCore2_11thEdition\Chapter02\ConsoleApplication02\ConsoleApplication02.csproj", "{169F6F16-D4F1-498E-9B14-E7B3F64A2AAF}"
EndProject
Global
	GlobalSection(SolutionConfigurationPlatforms) = preSolution
		Debug|Any CPU = Debug|Any CPU
		Release|Any CPU = Release|Any CPU
	EndGlobalSection
	GlobalSection(NestedProjects) = preSolution
		{2746F37E-1D78-4114-BC3A-6EB4B598ADB0} = {7AFC8698-D20F-4CE1-9E37-5BFADC6AB229}
		{0E2C9EF7-4768-4C52-810E-B6BB6608CE89} = {7AFC8698-D20F-4CE1-9E37-5BFADC6AB229}
		{EC59E930-00F5-4EA2-9387-C183DCB7F244} = {2746F37E-1D78-4114-BC3A-6EB4B598ADB0}
		{1CEAAC37-07C8-47EA-9045-8DB727C6DB32} = {2746F37E-1D78-4114-BC3A-6EB4B598ADB0}
		{F884CAA0-38FC-4B01-8AB2-79049A1F7736} = {0E2C9EF7-4768-4C52-810E-B6BB6608CE89}
		{FE29B6B0-C33F-4FDB-B0C7-CF1B503AFBD1} = {0E2C9EF7-4768-4C52-810E-B6BB6608CE89}
		{BDE72C00-6C65-41BC-A4CC-6FD446A0C541} = {7AFC8698-D20F-4CE1-9E37-5BFADC6AB229}
		{04B31A7D-5787-41D1-A3DD-4D3EB026138E} = {BDE72C00-6C65-41BC-A4CC-6FD446A0C541}
		{C5205DE8-575E-4332-A1B5-BA6A8FC307E0} = {BDE72C00-6C65-41BC-A4CC-6FD446A0C541}
		{78CE67FD-D311-4448-B1B8-8F96C7D61EDF} = {BDE72C00-6C65-41BC-A4CC-6FD446A0C541}
		{7DB369E0-90FE-4910-AE73-5A0D69CD63D5} = {BDE72C00-6C65-41BC-A4CC-6FD446A0C541}
		{C217108C-EA89-43C9-A200-316A7CD39A78} = {BDE72C00-6C65-41BC-A4CC-6FD446A0C541}
		{1F3A33D7-3D17-40EC-95CB-6C542526EB2E} = {7AFC8698-D20F-4CE1-9E37-5BFADC6AB229}
		{A35F755E-30BB-4996-B9FB-0F1F5F196409} = {1F3A33D7-3D17-40EC-95CB-6C542526EB2E}
		{EC0E78C6-C9B7-4290-B49E-41AE520C42D3} = {1F3A33D7-3D17-40EC-95CB-6C542526EB2E}
		{CBC7BB64-013D-4631-8A93-0C5D5989B9E4} = {1F3A33D7-3D17-40EC-95CB-6C542526EB2E}
		{B3DF027F-0976-4F92-850E-E078702685A8} = {1F3A33D7-3D17-40EC-95CB-6C542526EB2E}
		{EB2974DE-4E51-4B5F-A485-1B2880912127} = {1F3A33D7-3D17-40EC-95CB-6C542526EB2E}
		{3E6B9A85-0A16-4CD6-A5DB-66DDFC1A46A0} = {1F3A33D7-3D17-40EC-95CB-6C542526EB2E}
		{C67E2D33-EE39-40A6-81C3-29E6FEB6C90C} = {1F3A33D7-3D17-40EC-95CB-6C542526EB2E}
		{85EAA730-4841-4EEE-A28C-4CABBD9FE7A0} = {3B31F09F-BE93-41FD-8AE5-F7AA9DA62224}
		{169F6F16-D4F1-498E-9B14-E7B3F64A2AAF} = {85EAA730-4841-4EEE-A28C-4CABBD9FE7A0}
	EndGlobalSection
	GlobalSection(ProjectConfigurationPlatforms) = postSolution
		{EC59E930-00F5-4EA2-9387-C183DCB7F244}.Debug|Any CPU.ActiveCfg = Debug|Any CPU
		{EC59E930-00F5-4EA2-9387-C183DCB7F244}.Debug|Any CPU.Build.0 = Debug|Any CPU
		{EC59E930-00F5-4EA2-9387-C183DCB7F244}.Release|Any CPU.ActiveCfg = Release|Any CPU
		{EC59E930-00F5-4EA2-9387-C183DCB7F244}.Release|Any CPU.Build.0 = Release|Any CPU
		{1CEAAC37-07C8-47EA-9045-8DB727C6DB32}.Debug|Any CPU.ActiveCfg = Debug|Any CPU
		{1CEAAC37-07C8-47EA-9045-8DB727C6DB32}.Debug|Any CPU.Build.0 = Debug|Any CPU
		{1CEAAC37-07C8-47EA-9045-8DB727C6DB32}.Release|Any CPU.ActiveCfg = Release|Any CPU
		{1CEAAC37-07C8-47EA-9045-8DB727C6DB32}.Release|Any CPU.Build.0 = Release|Any CPU
		{F884CAA0-38FC-4B01-8AB2-79049A1F7736}.Debug|Any CPU.ActiveCfg = Debug|Any CPU
		{F884CAA0-38FC-4B01-8AB2-79049A1F7736}.Debug|Any CPU.Build.0 = Debug|Any CPU
		{F884CAA0-38FC-4B01-8AB2-79049A1F7736}.Release|Any CPU.ActiveCfg = Release|Any CPU
		{F884CAA0-38FC-4B01-8AB2-79049A1F7736}.Release|Any CPU.Build.0 = Release|Any CPU
		{FE29B6B0-C33F-4FDB-B0C7-CF1B503AFBD1}.Debug|Any CPU.ActiveCfg = Debug|Any CPU
		{FE29B6B0-C33F-4FDB-B0C7-CF1B503AFBD1}.Debug|Any CPU.Build.0 = Debug|Any CPU
		{FE29B6B0-C33F-4FDB-B0C7-CF1B503AFBD1}.Release|Any CPU.ActiveCfg = Release|Any CPU
		{FE29B6B0-C33F-4FDB-B0C7-CF1B503AFBD1}.Release|Any CPU.Build.0 = Release|Any CPU
		{04B31A7D-5787-41D1-A3DD-4D3EB026138E}.Debug|Any CPU.ActiveCfg = Debug|Any CPU
		{04B31A7D-5787-41D1-A3DD-4D3EB026138E}.Debug|Any CPU.Build.0 = Debug|Any CPU
		{04B31A7D-5787-41D1-A3DD-4D3EB026138E}.Release|Any CPU.ActiveCfg = Release|Any CPU
		{04B31A7D-5787-41D1-A3DD-4D3EB026138E}.Release|Any CPU.Build.0 = Release|Any CPU
		{C5205DE8-575E-4332-A1B5-BA6A8FC307E0}.Debug|Any CPU.ActiveCfg = Debug|Any CPU
		{C5205DE8-575E-4332-A1B5-BA6A8FC307E0}.Debug|Any CPU.Build.0 = Debug|Any CPU
		{C5205DE8-575E-4332-A1B5-BA6A8FC307E0}.Release|Any CPU.ActiveCfg = Release|Any CPU
		{C5205DE8-575E-4332-A1B5-BA6A8FC307E0}.Release|Any CPU.Build.0 = Release|Any CPU
		{78CE67FD-D311-4448-B1B8-8F96C7D61EDF}.Debug|Any CPU.ActiveCfg = Debug|Any CPU
		{78CE67FD-D311-4448-B1B8-8F96C7D61EDF}.Debug|Any CPU.Build.0 = Debug|Any CPU
		{78CE67FD-D311-4448-B1B8-8F96C7D61EDF}.Release|Any CPU.ActiveCfg = Release|Any CPU
		{78CE67FD-D311-4448-B1B8-8F96C7D61EDF}.Release|Any CPU.Build.0 = Release|Any CPU
		{7DB369E0-90FE-4910-AE73-5A0D69CD63D5}.Debug|Any CPU.ActiveCfg = Debug|Any CPU
		{7DB369E0-90FE-4910-AE73-5A0D69CD63D5}.Debug|Any CPU.Build.0 = Debug|Any CPU
		{7DB369E0-90FE-4910-AE73-5A0D69CD63D5}.Release|Any CPU.ActiveCfg = Release|Any CPU
		{7DB369E0-90FE-4910-AE73-5A0D69CD63D5}.Release|Any CPU.Build.0 = Release|Any CPU
		{C217108C-EA89-43C9-A200-316A7CD39A78}.Debug|Any CPU.ActiveCfg = Debug|Any CPU
		{C217108C-EA89-43C9-A200-316A7CD39A78}.Debug|Any CPU.Build.0 = Debug|Any CPU
		{C217108C-EA89-43C9-A200-316A7CD39A78}.Release|Any CPU.ActiveCfg = Release|Any CPU
		{C217108C-EA89-43C9-A200-316A7CD39A78}.Release|Any CPU.Build.0 = Release|Any CPU
		{A35F755E-30BB-4996-B9FB-0F1F5F196409}.Debug|Any CPU.ActiveCfg = Debug|Any CPU
		{A35F755E-30BB-4996-B9FB-0F1F5F196409}.Debug|Any CPU.Build.0 = Debug|Any CPU
		{A35F755E-30BB-4996-B9FB-0F1F5F196409}.Release|Any CPU.ActiveCfg = Release|Any CPU
		{A35F755E-30BB-4996-B9FB-0F1F5F196409}.Release|Any CPU.Build.0 = Release|Any CPU
		{EC0E78C6-C9B7-4290-B49E-41AE520C42D3}.Debug|Any CPU.ActiveCfg = Debug|Any CPU
		{EC0E78C6-C9B7-4290-B49E-41AE520C42D3}.Debug|Any CPU.Build.0 = Debug|Any CPU
		{EC0E78C6-C9B7-4290-B49E-41AE520C42D3}.Release|Any CPU.ActiveCfg = Release|Any CPU
		{EC0E78C6-C9B7-4290-B49E-41AE520C42D3}.Release|Any CPU.Build.0 = Release|Any CPU
		{CBC7BB64-013D-4631-8A93-0C5D5989B9E4}.Debug|Any CPU.ActiveCfg = Debug|Any CPU
		{CBC7BB64-013D-4631-8A93-0C5D5989B9E4}.Debug|Any CPU.Build.0 = Debug|Any CPU
		{CBC7BB64-013D-4631-8A93-0C5D5989B9E4}.Release|Any CPU.ActiveCfg = Release|Any CPU
		{CBC7BB64-013D-4631-8A93-0C5D5989B9E4}.Release|Any CPU.Build.0 = Release|Any CPU
		{B3DF027F-0976-4F92-850E-E078702685A8}.Debug|Any CPU.ActiveCfg = Debug|Any CPU
		{B3DF027F-0976-4F92-850E-E078702685A8}.Debug|Any CPU.Build.0 = Debug|Any CPU
		{B3DF027F-0976-4F92-850E-E078702685A8}.Release|Any CPU.ActiveCfg = Release|Any CPU
		{B3DF027F-0976-4F92-850E-E078702685A8}.Release|Any CPU.Build.0 = Release|Any CPU
		{EB2974DE-4E51-4B5F-A485-1B2880912127}.Debug|Any CPU.ActiveCfg = Debug|Any CPU
		{EB2974DE-4E51-4B5F-A485-1B2880912127}.Debug|Any CPU.Build.0 = Debug|Any CPU
		{EB2974DE-4E51-4B5F-A485-1B2880912127}.Release|Any CPU.ActiveCfg = Release|Any CPU
		{EB2974DE-4E51-4B5F-A485-1B2880912127}.Release|Any CPU.Build.0 = Release|Any CPU
		{3E6B9A85-0A16-4CD6-A5DB-66DDFC1A46A0}.Debug|Any CPU.ActiveCfg = Debug|Any CPU
		{3E6B9A85-0A16-4CD6-A5DB-66DDFC1A46A0}.Debug|Any CPU.Build.0 = Debug|Any CPU
		{3E6B9A85-0A16-4CD6-A5DB-66DDFC1A46A0}.Release|Any CPU.ActiveCfg = Release|Any CPU
		{3E6B9A85-0A16-4CD6-A5DB-66DDFC1A46A0}.Release|Any CPU.Build.0 = Release|Any CPU
		{C67E2D33-EE39-40A6-81C3-29E6FEB6C90C}.Debug|Any CPU.ActiveCfg = Debug|Any CPU
		{C67E2D33-EE39-40A6-81C3-29E6FEB6C90C}.Debug|Any CPU.Build.0 = Debug|Any CPU
		{C67E2D33-EE39-40A6-81C3-29E6FEB6C90C}.Release|Any CPU.ActiveCfg = Release|Any CPU
		{C67E2D33-EE39-40A6-81C3-29E6FEB6C90C}.Release|Any CPU.Build.0 = Release|Any CPU
		{169F6F16-D4F1-498E-9B14-E7B3F64A2AAF}.Debug|Any CPU.ActiveCfg = Debug|Any CPU
		{169F6F16-D4F1-498E-9B14-E7B3F64A2AAF}.Debug|Any CPU.Build.0 = Debug|Any CPU
		{169F6F16-D4F1-498E-9B14-E7B3F64A2AAF}.Release|Any CPU.ActiveCfg = Release|Any CPU
		{169F6F16-D4F1-498E-9B14-E7B3F64A2AAF}.Release|Any CPU.Build.0 = Release|Any CPU
	EndGlobalSection
EndGlobal
